
Microsoft Visual Studio Solution File, Format Version 12.00
# Visual Studio Version 16
VisualStudioVersion = 16.0.31019.35
MinimumVisualStudioVersion = 10.0.40219.1
Project("{FAE04EC0-301F-11D3-BF4B-00C04F79EFBC}") = "GameProblems", "GameProblems.csproj", "{98F83716-90DC-49CB-BEDC-0024D3610EEE}"
EndProject
Global
	GlobalSection(SolutionConfigurationPlatforms) = preSolution
		Debug|Any CPU = Debug|Any CPU
		Release|Any CPU = Release|Any CPU
	EndGlobalSection
	GlobalSection(ProjectConfigurationPlatforms) = postSolution
		{98F83716-90DC-49CB-BEDC-0024D3610EEE}.Debug|Any CPU.ActiveCfg = Debug|Any CPU
		{98F83716-90DC-49CB-BEDC-0024D3610EEE}.Debug|Any CPU.Build.0 = Debug|Any CPU
		{98F83716-90DC-49CB-BEDC-0024D3610EEE}.Release|Any CPU.ActiveCfg = Release|Any CPU
		{98F83716-90DC-49CB-BEDC-0024D3610EEE}.Release|Any CPU.Build.0 = Release|Any CPU
	EndGlobalSection
	GlobalSection(SolutionProperties) = preSolution
		HideSolutionNode = FALSE
	EndGlobalSection
	GlobalSection(ExtensibilityGlobals) = postSolution
		SolutionGuid = {659616AE-35ED-4173-9874-50D564256E9D}
	EndGlobalSection
EndGlobal
